
Microsoft Visual Studio Solution File, Format Version 12.00
# Visual Studio Version 16
VisualStudioVersion = 16.0.31320.298
MinimumVisualStudioVersion = 10.0.40219.1
Project("{FAE04EC0-301F-11D3-BF4B-00C04F79EFBC}") = "Server", "src\Server\Server.csproj", "{ABAC19F4-5731-410D-91F7-CEDC806D5781}"
EndProject
Project("{FAE04EC0-301F-11D3-BF4B-00C04F79EFBC}") = "Contracts", "src\Contracts\Contracts.csproj", "{7E0257EA-CFDB-48E1-92A9-577C7E417AC7}"
EndProject
Project("{FAE04EC0-301F-11D3-BF4B-00C04F79EFBC}") = "PerTestClient", "src\PerTestClient\PerTestClient.csproj", "{FE4F8DE8-4422-45E1-8ECD-941D64AAD00A}"
EndProject
Global
	GlobalSection(SolutionConfigurationPlatforms) = preSolution
		Debug|Any CPU = Debug|Any CPU
		Release|Any CPU = Release|Any CPU
	EndGlobalSection
	GlobalSection(ProjectConfigurationPlatforms) = postSolution
		{ABAC19F4-5731-410D-91F7-CEDC806D5781}.Debug|Any CPU.ActiveCfg = Debug|Any CPU
		{ABAC19F4-5731-410D-91F7-CEDC806D5781}.Debug|Any CPU.Build.0 = Debug|Any CPU
		{ABAC19F4-5731-410D-91F7-CEDC806D5781}.Release|Any CPU.ActiveCfg = Release|Any CPU
		{ABAC19F4-5731-410D-91F7-CEDC806D5781}.Release|Any CPU.Build.0 = Release|Any CPU
		{7E0257EA-CFDB-48E1-92A9-577C7E417AC7}.Debug|Any CPU.ActiveCfg = Debug|Any CPU
		{7E0257EA-CFDB-48E1-92A9-577C7E417AC7}.Debug|Any CPU.Build.0 = Debug|Any CPU
		{7E0257EA-CFDB-48E1-92A9-577C7E417AC7}.Release|Any CPU.ActiveCfg = Release|Any CPU
		{7E0257EA-CFDB-48E1-92A9-577C7E417AC7}.Release|Any CPU.Build.0 = Release|Any CPU
		{FE4F8DE8-4422-45E1-8ECD-941D64AAD00A}.Debug|Any CPU.ActiveCfg = Debug|Any CPU
		{FE4F8DE8-4422-45E1-8ECD-941D64AAD00A}.Debug|Any CPU.Build.0 = Debug|Any CPU
		{FE4F8DE8-4422-45E1-8ECD-941D64AAD00A}.Release|Any CPU.ActiveCfg = Release|Any CPU
		{FE4F8DE8-4422-45E1-8ECD-941D64AAD00A}.Release|Any CPU.Build.0 = Release|Any CPU
	EndGlobalSection
	GlobalSection(SolutionProperties) = preSolution
		HideSolutionNode = FALSE
	EndGlobalSection
	GlobalSection(ExtensibilityGlobals) = postSolution
		SolutionGuid = {1BC2FBBE-134A-4002-B023-FD780BA6C818}
	EndGlobalSection
EndGlobal
